// !$*UTF8*$!
{
	archiveVersion = 1;
	classes = {
	};
	objectVersion = 46;
	objects = {

/* Begin PBXBuildFile section */
		C5EE0A6E1A71517000FAF23F /* camera.cpp in Sources */ = {isa = PBXBuildFile; fileRef = C5EE0A531A71517000FAF23F /* camera.cpp */; };
		C5EE0A6F1A71517000FAF23F /* canvas.cpp in Sources */ = {isa = PBXBuildFile; fileRef = C5EE0A551A71517000FAF23F /* canvas.cpp */; };
		C5EE0A701A71517000FAF23F /* color.cpp in Sources */ = {isa = PBXBuildFile; fileRef = C5EE0A581A71517000FAF23F /* color.cpp */; };
		C5EE0A711A71517000FAF23F /* math.cpp in Sources */ = {isa = PBXBuildFile; fileRef = C5EE0A5B1A71517000FAF23F /* math.cpp */; };
		C5EE0A721A71517000FAF23F /* main.cpp in Sources */ = {isa = PBXBuildFile; fileRef = C5EE0A5F1A71517000FAF23F /* main.cpp */; };
		C5EE0A731A71517000FAF23F /* model.cpp in Sources */ = {isa = PBXBuildFile; fileRef = C5EE0A601A71517000FAF23F /* model.cpp */; };
		C5EE0A741A71517000FAF23F /* object.cpp in Sources */ = {isa = PBXBuildFile; fileRef = C5EE0A621A71517000FAF23F /* object.cpp */; };
		C5EE0A751A71517000FAF23F /* opengl.cpp in Sources */ = {isa = PBXBuildFile; fileRef = C5EE0A641A71517000FAF23F /* opengl.cpp */; };
		C5EE0A761A71517000FAF23F /* primitive.cpp in Sources */ = {isa = PBXBuildFile; fileRef = C5EE0A661A71517000FAF23F /* primitive.cpp */; };
		C5EE0A771A71517000FAF23F /* scene.cpp in Sources */ = {isa = PBXBuildFile; fileRef = C5EE0A681A71517000FAF23F /* scene.cpp */; };
		C5EE0A781A71517000FAF23F /* tinyfiledialogs.c in Sources */ = {isa = PBXBuildFile; fileRef = C5EE0A6B1A71517000FAF23F /* tinyfiledialogs.c */; };
		C5EE0A7A1A71524600FAF23F /* GLUT.framework in Frameworks */ = {isa = PBXBuildFile; fileRef = C5EE0A791A71524600FAF23F /* GLUT.framework */; };
		C5EE0A7C1A71524D00FAF23F /* OpenGL.framework in Frameworks */ = {isa = PBXBuildFile; fileRef = C5EE0A7B1A71524D00FAF23F /* OpenGL.framework */; };
/* End PBXBuildFile section */

/* Begin PBXCopyFilesBuildPhase section */
		C5EE0A241A71506700FAF23F /* CopyFiles */ = {
			isa = PBXCopyFilesBuildPhase;
			buildActionMask = 2147483647;
			dstPath = /usr/share/man/man1/;
			dstSubfolderSpec = 0;
			files = (
			);
			runOnlyForDeploymentPostprocessing = 1;
		};
/* End PBXCopyFilesBuildPhase section */

/* Begin PBXFileReference section */
		C5EE0A261A71506700FAF23F /* assignment */ = {isa = PBXFileReference; explicitFileType = "compiled.mach-o.executable"; includeInIndex = 0; path = assignment; sourceTree = BUILT_PRODUCTS_DIR; };
		C5EE0A301A71517000FAF23F /* COPYRIGHT.txt */ = {isa = PBXFileReference; fileEncoding = 4; lastKnownFileType = text; path = COPYRIGHT.txt; sourceTree = "<group>"; };
		C5EE0A321A71517000FAF23F /* README.txt */ = {isa = PBXFileReference; fileEncoding = 4; lastKnownFileType = text; path = README.txt; sourceTree = "<group>"; };
		C5EE0A341A71517000FAF23F /* canvas.ft */ = {isa = PBXFileReference; fileEncoding = 4; lastKnownFileType = text; path = canvas.ft; sourceTree = "<group>"; };
		C5EE0A351A71517000FAF23F /* canvas.vx */ = {isa = PBXFileReference; fileEncoding = 4; lastKnownFileType = text; path = canvas.vx; sourceTree = "<group>"; };
		C5EE0A371A71517000FAF23F /* banana.obj */ = {isa = PBXFileReference; fileEncoding = 4; lastKnownFileType = text; path = banana.obj; sourceTree = "<group>"; };
		C5EE0A381A71517000FAF23F /* beethoven.mtl */ = {isa = PBXFileReference; fileEncoding = 4; lastKnownFileType = text; path = beethoven.mtl; sourceTree = "<group>"; };
		C5EE0A391A71517000FAF23F /* beethoven.obj */ = {isa = PBXFileReference; fileEncoding = 4; lastKnownFileType = text; path = beethoven.obj; sourceTree = "<group>"; };
		C5EE0A3A1A71517000FAF23F /* bishop.obj */ = {isa = PBXFileReference; fileEncoding = 4; lastKnownFileType = text; path = bishop.obj; sourceTree = "<group>"; };
		C5EE0A3B1A71517000FAF23F /* blob.obj */ = {isa = PBXFileReference; fileEncoding = 4; lastKnownFileType = text; path = blob.obj; sourceTree = "<group>"; };
		C5EE0A3C1A71517000FAF23F /* Bunny.mtl */ = {isa = PBXFileReference; fileEncoding = 4; lastKnownFileType = text; path = Bunny.mtl; sourceTree = "<group>"; };
		C5EE0A3D1A71517000FAF23F /* Bunny.obj */ = {isa = PBXFileReference; fileEncoding = 4; lastKnownFileType = text; path = Bunny.obj; sourceTree = "<group>"; };
		C5EE0A3E1A71517000FAF23F /* chain.obj */ = {isa = PBXFileReference; fileEncoding = 4; lastKnownFileType = text; path = chain.obj; sourceTree = "<group>"; };
		C5EE0A3F1A71517000FAF23F /* cow.obj */ = {isa = PBXFileReference; fileEncoding = 4; lastKnownFileType = text; path = cow.obj; sourceTree = "<group>"; };
		C5EE0A401A71517000FAF23F /* cowUV.mtl */ = {isa = PBXFileReference; fileEncoding = 4; lastKnownFileType = text; path = cowUV.mtl; sourceTree = "<group>"; };
		C5EE0A411A71517000FAF23F /* cowUV.obj */ = {isa = PBXFileReference; fileEncoding = 4; lastKnownFileType = text; path = cowUV.obj; sourceTree = "<group>"; };
		C5EE0A421A71517000FAF23F /* demo.obj */ = {isa = PBXFileReference; fileEncoding = 4; lastKnownFileType = text; path = demo.obj; sourceTree = "<group>"; };
		C5EE0A431A71517000FAF23F /* dolphin.obj */ = {isa = PBXFileReference; fileEncoding = 4; lastKnownFileType = text; path = dolphin.obj; sourceTree = "<group>"; };
		C5EE0A441A71517000FAF23F /* feline.obj */ = {isa = PBXFileReference; fileEncoding = 4; lastKnownFileType = text; path = feline.obj; sourceTree = "<group>"; };
		C5EE0A451A71517000FAF23F /* helment.mtl */ = {isa = PBXFileReference; fileEncoding = 4; lastKnownFileType = text; path = helment.mtl; sourceTree = "<group>"; };
		C5EE0A461A71517000FAF23F /* helmet.jpg */ = {isa = PBXFileReference; lastKnownFileType = image.jpeg; path = helmet.jpg; sourceTree = "<group>"; };
		C5EE0A471A71517000FAF23F /* helmet.obj */ = {isa = PBXFileReference; fileEncoding = 4; lastKnownFileType = text; path = helmet.obj; sourceTree = "<group>"; };
		C5EE0A481A71517000FAF23F /* pawn.obj */ = {isa = PBXFileReference; fileEncoding = 4; lastKnownFileType = text; path = pawn.obj; sourceTree = "<group>"; };
		C5EE0A491A71517000FAF23F /* shirt.mtl */ = {isa = PBXFileReference; fileEncoding = 4; lastKnownFileType = text; path = shirt.mtl; sourceTree = "<group>"; };
		C5EE0A4A1A71517000FAF23F /* shirt.obj */ = {isa = PBXFileReference; fileEncoding = 4; lastKnownFileType = text; path = shirt.obj; sourceTree = "<group>"; };
		C5EE0A4B1A71517000FAF23F /* shirt4.jpg */ = {isa = PBXFileReference; lastKnownFileType = image.jpeg; path = shirt4.jpg; sourceTree = "<group>"; };
		C5EE0A4C1A71517000FAF23F /* shirt4.png */ = {isa = PBXFileReference; lastKnownFileType = image.png; path = shirt4.png; sourceTree = "<group>"; };
		C5EE0A4D1A71517000FAF23F /* statue.mtl */ = {isa = PBXFileReference; fileEncoding = 4; lastKnownFileType = text; path = statue.mtl; sourceTree = "<group>"; };
		C5EE0A4E1A71517000FAF23F /* statue.obj */ = {isa = PBXFileReference; fileEncoding = 4; lastKnownFileType = text; path = statue.obj; sourceTree = "<group>"; };
		C5EE0A4F1A71517000FAF23F /* statue1.jpg */ = {isa = PBXFileReference; lastKnownFileType = image.jpeg; path = statue1.jpg; sourceTree = "<group>"; };
		C5EE0A501A71517000FAF23F /* statue1.png */ = {isa = PBXFileReference; lastKnownFileType = image.png; path = statue1.png; sourceTree = "<group>"; };
		C5EE0A511A71517000FAF23F /* teapot.obj */ = {isa = PBXFileReference; fileEncoding = 4; lastKnownFileType = text; path = teapot.obj; sourceTree = "<group>"; };
		C5EE0A531A71517000FAF23F /* camera.cpp */ = {isa = PBXFileReference; fileEncoding = 4; lastKnownFileType = sourcecode.cpp.cpp; path = camera.cpp; sourceTree = "<group>"; };
		C5EE0A541A71517000FAF23F /* camera.h */ = {isa = PBXFileReference; fileEncoding = 4; lastKnownFileType = sourcecode.c.h; path = camera.h; sourceTree = "<group>"; };
		C5EE0A551A71517000FAF23F /* canvas.cpp */ = {isa = PBXFileReference; fileEncoding = 4; lastKnownFileType = sourcecode.cpp.cpp; path = canvas.cpp; sourceTree = "<group>"; };
		C5EE0A561A71517000FAF23F /* canvas.h */ = {isa = PBXFileReference; fileEncoding = 4; lastKnownFileType = sourcecode.c.h; path = canvas.h; sourceTree = "<group>"; };
		C5EE0A581A71517000FAF23F /* color.cpp */ = {isa = PBXFileReference; fileEncoding = 4; lastKnownFileType = sourcecode.cpp.cpp; path = color.cpp; sourceTree = "<group>"; };
		C5EE0A591A71517000FAF23F /* color.h */ = {isa = PBXFileReference; fileEncoding = 4; lastKnownFileType = sourcecode.c.h; path = color.h; sourceTree = "<group>"; };
		C5EE0A5A1A71517000FAF23F /* geometry.h */ = {isa = PBXFileReference; fileEncoding = 4; lastKnownFileType = sourcecode.c.h; path = geometry.h; sourceTree = "<group>"; };
		C5EE0A5B1A71517000FAF23F /* math.cpp */ = {isa = PBXFileReference; fileEncoding = 4; lastKnownFileType = sourcecode.cpp.cpp; path = math.cpp; sourceTree = "<group>"; };
		C5EE0A5C1A71517000FAF23F /* math.h */ = {isa = PBXFileReference; fileEncoding = 4; lastKnownFileType = sourcecode.c.h; path = math.h; sourceTree = "<group>"; };
		C5EE0A5D1A71517000FAF23F /* matrix.h */ = {isa = PBXFileReference; fileEncoding = 4; lastKnownFileType = sourcecode.c.h; path = matrix.h; sourceTree = "<group>"; };
		C5EE0A5E1A71517000FAF23F /* vector.h */ = {isa = PBXFileReference; fileEncoding = 4; lastKnownFileType = sourcecode.c.h; path = vector.h; sourceTree = "<group>"; };
		C5EE0A5F1A71517000FAF23F /* main.cpp */ = {isa = PBXFileReference; fileEncoding = 4; lastKnownFileType = sourcecode.cpp.cpp; path = main.cpp; sourceTree = "<group>"; };
		C5EE0A601A71517000FAF23F /* model.cpp */ = {isa = PBXFileReference; fileEncoding = 4; lastKnownFileType = sourcecode.cpp.cpp; path = model.cpp; sourceTree = "<group>"; };
		C5EE0A611A71517000FAF23F /* model.h */ = {isa = PBXFileReference; fileEncoding = 4; lastKnownFileType = sourcecode.c.h; path = model.h; sourceTree = "<group>"; };
		C5EE0A621A71517000FAF23F /* object.cpp */ = {isa = PBXFileReference; fileEncoding = 4; lastKnownFileType = sourcecode.cpp.cpp; path = object.cpp; sourceTree = "<group>"; };
		C5EE0A631A71517000FAF23F /* object.h */ = {isa = PBXFileReference; fileEncoding = 4; lastKnownFileType = sourcecode.c.h; path = object.h; sourceTree = "<group>"; };
		C5EE0A641A71517000FAF23F /* opengl.cpp */ = {isa = PBXFileReference; fileEncoding = 4; lastKnownFileType = sourcecode.cpp.cpp; path = opengl.cpp; sourceTree = "<group>"; };
		C5EE0A651A71517000FAF23F /* opengl.h */ = {isa = PBXFileReference; fileEncoding = 4; lastKnownFileType = sourcecode.c.h; path = opengl.h; sourceTree = "<group>"; };
		C5EE0A661A71517000FAF23F /* primitive.cpp */ = {isa = PBXFileReference; fileEncoding = 4; lastKnownFileType = sourcecode.cpp.cpp; path = primitive.cpp; sourceTree = "<group>"; };
		C5EE0A671A71517000FAF23F /* primitive.h */ = {isa = PBXFileReference; fileEncoding = 4; lastKnownFileType = sourcecode.c.h; path = primitive.h; sourceTree = "<group>"; };
		C5EE0A681A71517000FAF23F /* scene.cpp */ = {isa = PBXFileReference; fileEncoding = 4; lastKnownFileType = sourcecode.cpp.cpp; path = scene.cpp; sourceTree = "<group>"; };
		C5EE0A691A71517000FAF23F /* scene.h */ = {isa = PBXFileReference; fileEncoding = 4; lastKnownFileType = sourcecode.c.h; path = scene.h; sourceTree = "<group>"; };
		C5EE0A6A1A71517000FAF23F /* standard.h */ = {isa = PBXFileReference; fileEncoding = 4; lastKnownFileType = sourcecode.c.h; path = standard.h; sourceTree = "<group>"; };
		C5EE0A6B1A71517000FAF23F /* tinyfiledialogs.c */ = {isa = PBXFileReference; fileEncoding = 4; lastKnownFileType = sourcecode.c.c; path = tinyfiledialogs.c; sourceTree = "<group>"; };
		C5EE0A6C1A71517000FAF23F /* tinyfiledialogs.h */ = {isa = PBXFileReference; fileEncoding = 4; lastKnownFileType = sourcecode.c.h; path = tinyfiledialogs.h; sourceTree = "<group>"; };
		C5EE0A791A71524600FAF23F /* GLUT.framework */ = {isa = PBXFileReference; lastKnownFileType = wrapper.framework; name = GLUT.framework; path = System/Library/Frameworks/GLUT.framework; sourceTree = SDKROOT; };
		C5EE0A7B1A71524D00FAF23F /* OpenGL.framework */ = {isa = PBXFileReference; lastKnownFileType = wrapper.framework; name = OpenGL.framework; path = System/Library/Frameworks/OpenGL.framework; sourceTree = SDKROOT; };
/* End PBXFileReference section */

/* Begin PBXFrameworksBuildPhase section */
		C5EE0A231A71506700FAF23F /* Frameworks */ = {
			isa = PBXFrameworksBuildPhase;
			buildActionMask = 2147483647;
			files = (
				C5EE0A7C1A71524D00FAF23F /* OpenGL.framework in Frameworks */,
				C5EE0A7A1A71524600FAF23F /* GLUT.framework in Frameworks */,
			);
			runOnlyForDeploymentPostprocessing = 0;
		};
/* End PBXFrameworksBuildPhase section */

/* Begin PBXGroup section */
		C5EE0A1D1A71506700FAF23F = {
			isa = PBXGroup;
			children = (
				C5EE0A7B1A71524D00FAF23F /* OpenGL.framework */,
				C5EE0A791A71524600FAF23F /* GLUT.framework */,
				C5EE0A301A71517000FAF23F /* COPYRIGHT.txt */,
				C5EE0A321A71517000FAF23F /* README.txt */,
				C5EE0A331A71517000FAF23F /* res */,
				C5EE0A521A71517000FAF23F /* src */,
				C5EE0A271A71506700FAF23F /* Products */,
			);
			sourceTree = "<group>";
		};
		C5EE0A271A71506700FAF23F /* Products */ = {
			isa = PBXGroup;
			children = (
				C5EE0A261A71506700FAF23F /* assignment */,
			);
			name = Products;
			sourceTree = "<group>";
		};
		C5EE0A331A71517000FAF23F /* res */ = {
			isa = PBXGroup;
			children = (
				C5EE0A341A71517000FAF23F /* canvas.ft */,
				C5EE0A351A71517000FAF23F /* canvas.vx */,
				C5EE0A361A71517000FAF23F /* models */,
			);
			path = res;
			sourceTree = "<group>";
		};
		C5EE0A361A71517000FAF23F /* models */ = {
			isa = PBXGroup;
			children = (
				C5EE0A371A71517000FAF23F /* banana.obj */,
				C5EE0A381A71517000FAF23F /* beethoven.mtl */,
				C5EE0A391A71517000FAF23F /* beethoven.obj */,
				C5EE0A3A1A71517000FAF23F /* bishop.obj */,
				C5EE0A3B1A71517000FAF23F /* blob.obj */,
				C5EE0A3C1A71517000FAF23F /* Bunny.mtl */,
				C5EE0A3D1A71517000FAF23F /* Bunny.obj */,
				C5EE0A3E1A71517000FAF23F /* chain.obj */,
				C5EE0A3F1A71517000FAF23F /* cow.obj */,
				C5EE0A401A71517000FAF23F /* cowUV.mtl */,
				C5EE0A411A71517000FAF23F /* cowUV.obj */,
				C5EE0A421A71517000FAF23F /* demo.obj */,
				C5EE0A431A71517000FAF23F /* dolphin.obj */,
				C5EE0A441A71517000FAF23F /* feline.obj */,
				C5EE0A451A71517000FAF23F /* helment.mtl */,
				C5EE0A461A71517000FAF23F /* helmet.jpg */,
				C5EE0A471A71517000FAF23F /* helmet.obj */,
				C5EE0A481A71517000FAF23F /* pawn.obj */,
				C5EE0A491A71517000FAF23F /* shirt.mtl */,
				C5EE0A4A1A71517000FAF23F /* shirt.obj */,
				C5EE0A4B1A71517000FAF23F /* shirt4.jpg */,
				C5EE0A4C1A71517000FAF23F /* shirt4.png */,
				C5EE0A4D1A71517000FAF23F /* statue.mtl */,
				C5EE0A4E1A71517000FAF23F /* statue.obj */,
				C5EE0A4F1A71517000FAF23F /* statue1.jpg */,
				C5EE0A501A71517000FAF23F /* statue1.png */,
				C5EE0A511A71517000FAF23F /* teapot.obj */,
			);
			path = models;
			sourceTree = "<group>";
		};
		C5EE0A521A71517000FAF23F /* src */ = {
			isa = PBXGroup;
			children = (
				C5EE0A531A71517000FAF23F /* camera.cpp */,
				C5EE0A541A71517000FAF23F /* camera.h */,
				C5EE0A551A71517000FAF23F /* canvas.cpp */,
				C5EE0A561A71517000FAF23F /* canvas.h */,
				C5EE0A571A71517000FAF23F /* core */,
				C5EE0A5F1A71517000FAF23F /* main.cpp */,
				C5EE0A601A71517000FAF23F /* model.cpp */,
				C5EE0A611A71517000FAF23F /* model.h */,
				C5EE0A621A71517000FAF23F /* object.cpp */,
				C5EE0A631A71517000FAF23F /* object.h */,
				C5EE0A641A71517000FAF23F /* opengl.cpp */,
				C5EE0A651A71517000FAF23F /* opengl.h */,
				C5EE0A661A71517000FAF23F /* primitive.cpp */,
				C5EE0A671A71517000FAF23F /* primitive.h */,
				C5EE0A681A71517000FAF23F /* scene.cpp */,
				C5EE0A691A71517000FAF23F /* scene.h */,
				C5EE0A6A1A71517000FAF23F /* standard.h */,
				C5EE0A6B1A71517000FAF23F /* tinyfiledialogs.c */,
				C5EE0A6C1A71517000FAF23F /* tinyfiledialogs.h */,
			);
			path = src;
			sourceTree = "<group>";
		};
		C5EE0A571A71517000FAF23F /* core */ = {
			isa = PBXGroup;
			children = (
				C5EE0A581A71517000FAF23F /* color.cpp */,
				C5EE0A591A71517000FAF23F /* color.h */,
				C5EE0A5A1A71517000FAF23F /* geometry.h */,
				C5EE0A5B1A71517000FAF23F /* math.cpp */,
				C5EE0A5C1A71517000FAF23F /* math.h */,
				C5EE0A5D1A71517000FAF23F /* matrix.h */,
				C5EE0A5E1A71517000FAF23F /* vector.h */,
			);
			path = core;
			sourceTree = "<group>";
		};
/* End PBXGroup section */

/* Begin PBXNativeTarget section */
		C5EE0A251A71506700FAF23F /* assignment */ = {
			isa = PBXNativeTarget;
			buildConfigurationList = C5EE0A2D1A71506700FAF23F /* Build configuration list for PBXNativeTarget "assignment" */;
			buildPhases = (
				C5EE0A221A71506700FAF23F /* Sources */,
				C5EE0A231A71506700FAF23F /* Frameworks */,
				C5EE0A241A71506700FAF23F /* CopyFiles */,
			);
			buildRules = (
			);
			dependencies = (
			);
			name = assignment;
			productName = assignment;
			productReference = C5EE0A261A71506700FAF23F /* assignment */;
			productType = "com.apple.product-type.tool";
		};
/* End PBXNativeTarget section */

/* Begin PBXProject section */
		C5EE0A1E1A71506700FAF23F /* Project object */ = {
			isa = PBXProject;
			attributes = {
				LastUpgradeCheck = 0610;
				ORGANIZATIONNAME = cs5620;
				TargetAttributes = {
					C5EE0A251A71506700FAF23F = {
						CreatedOnToolsVersion = 6.1.1;
					};
				};
			};
			buildConfigurationList = C5EE0A211A71506700FAF23F /* Build configuration list for PBXProject "assignment" */;
			compatibilityVersion = "Xcode 3.2";
			developmentRegion = English;
			hasScannedForEncodings = 0;
			knownRegions = (
				en,
			);
			mainGroup = C5EE0A1D1A71506700FAF23F;
			productRefGroup = C5EE0A271A71506700FAF23F /* Products */;
			projectDirPath = "";
			projectRoot = "";
			targets = (
				C5EE0A251A71506700FAF23F /* assignment */,
			);
		};
/* End PBXProject section */

/* Begin PBXSourcesBuildPhase section */
		C5EE0A221A71506700FAF23F /* Sources */ = {
			isa = PBXSourcesBuildPhase;
			buildActionMask = 2147483647;
			files = (
				C5EE0A6E1A71517000FAF23F /* camera.cpp in Sources */,
				C5EE0A781A71517000FAF23F /* tinyfiledialogs.c in Sources */,
				C5EE0A731A71517000FAF23F /* model.cpp in Sources */,
				C5EE0A741A71517000FAF23F /* object.cpp in Sources */,
				C5EE0A701A71517000FAF23F /* color.cpp in Sources */,
				C5EE0A721A71517000FAF23F /* main.cpp in Sources */,
				C5EE0A761A71517000FAF23F /* primitive.cpp in Sources */,
				C5EE0A6F1A71517000FAF23F /* canvas.cpp in Sources */,
				C5EE0A751A71517000FAF23F /* opengl.cpp in Sources */,
				C5EE0A711A71517000FAF23F /* math.cpp in Sources */,
				C5EE0A771A71517000FAF23F /* scene.cpp in Sources */,
			);
			runOnlyForDeploymentPostprocessing = 0;
		};
/* End PBXSourcesBuildPhase section */

/* Begin XCBuildConfiguration section */
		C5EE0A2B1A71506700FAF23F /* Debug */ = {
			isa = XCBuildConfiguration;
			buildSettings = {
				ALWAYS_SEARCH_USER_PATHS = NO;
				CLANG_CXX_LANGUAGE_STANDARD = "gnu++0x";
				CLANG_CXX_LIBRARY = "libc++";
				CLANG_ENABLE_MODULES = YES;
				CLANG_ENABLE_OBJC_ARC = YES;
				CLANG_WARN_BOOL_CONVERSION = YES;
				CLANG_WARN_CONSTANT_CONVERSION = YES;
				CLANG_WARN_DIRECT_OBJC_ISA_USAGE = YES_ERROR;
				CLANG_WARN_EMPTY_BODY = YES;
				CLANG_WARN_ENUM_CONVERSION = YES;
				CLANG_WARN_INT_CONVERSION = YES;
				CLANG_WARN_OBJC_ROOT_CLASS = YES_ERROR;
				CLANG_WARN_UNREACHABLE_CODE = YES;
				CLANG_WARN__DUPLICATE_METHOD_MATCH = YES;
				COPY_PHASE_STRIP = NO;
				ENABLE_STRICT_OBJC_MSGSEND = YES;
				GCC_C_LANGUAGE_STANDARD = gnu99;
				GCC_DYNAMIC_NO_PIC = NO;
				GCC_OPTIMIZATION_LEVEL = 0;
				GCC_PREPROCESSOR_DEFINITIONS = (
					"DEBUG=1",
					"$(inherited)",
				);
				GCC_SYMBOLS_PRIVATE_EXTERN = NO;
				GCC_WARN_64_TO_32_BIT_CONVERSION = YES;
				GCC_WARN_ABOUT_RETURN_TYPE = YES_ERROR;
				GCC_WARN_UNDECLARED_SELECTOR = YES;
				GCC_WARN_UNINITIALIZED_AUTOS = YES_AGGRESSIVE;
				GCC_WARN_UNUSED_FUNCTION = YES;
				GCC_WARN_UNUSED_VARIABLE = YES;
				MACOSX_DEPLOYMENT_TARGET = 10.10;
				MTL_ENABLE_DEBUG_INFO = YES;
				ONLY_ACTIVE_ARCH = YES;
				SDKROOT = macosx;
			};
			name = Debug;
		};
		C5EE0A2C1A71506700FAF23F /* Release */ = {
			isa = XCBuildConfiguration;
			buildSettings = {
				ALWAYS_SEARCH_USER_PATHS = NO;
				CLANG_CXX_LANGUAGE_STANDARD = "gnu++0x";
				CLANG_CXX_LIBRARY = "libc++";
				CLANG_ENABLE_MODULES = YES;
				CLANG_ENABLE_OBJC_ARC = YES;
				CLANG_WARN_BOOL_CONVERSION = YES;
				CLANG_WARN_CONSTANT_CONVERSION = YES;
				CLANG_WARN_DIRECT_OBJC_ISA_USAGE = YES_ERROR;
				CLANG_WARN_EMPTY_BODY = YES;
				CLANG_WARN_ENUM_CONVERSION = YES;
				CLANG_WARN_INT_CONVERSION = YES;
				CLANG_WARN_OBJC_ROOT_CLASS = YES_ERROR;
				CLANG_WARN_UNREACHABLE_CODE = YES;
				CLANG_WARN__DUPLICATE_METHOD_MATCH = YES;
				COPY_PHASE_STRIP = YES;
				DEBUG_INFORMATION_FORMAT = "dwarf-with-dsym";
				ENABLE_NS_ASSERTIONS = NO;
				ENABLE_STRICT_OBJC_MSGSEND = YES;
				GCC_C_LANGUAGE_STANDARD = gnu99;
				GCC_WARN_64_TO_32_BIT_CONVERSION = YES;
				GCC_WARN_ABOUT_RETURN_TYPE = YES_ERROR;
				GCC_WARN_UNDECLARED_SELECTOR = YES;
				GCC_WARN_UNINITIALIZED_AUTOS = YES_AGGRESSIVE;
				GCC_WARN_UNUSED_FUNCTION = YES;
				GCC_WARN_UNUSED_VARIABLE = YES;
				MACOSX_DEPLOYMENT_TARGET = 10.10;
				MTL_ENABLE_DEBUG_INFO = NO;
				SDKROOT = macosx;
			};
			name = Release;
		};
		C5EE0A2E1A71506700FAF23F /* Debug */ = {
			isa = XCBuildConfiguration;
			buildSettings = {
				PRODUCT_NAME = "$(TARGET_NAME)";
			};
			name = Debug;
		};
		C5EE0A2F1A71506700FAF23F /* Release */ = {
			isa = XCBuildConfiguration;
			buildSettings = {
				PRODUCT_NAME = "$(TARGET_NAME)";
			};
			name = Release;
		};
/* End XCBuildConfiguration section */

/* Begin XCConfigurationList section */
		C5EE0A211A71506700FAF23F /* Build configuration list for PBXProject "assignment" */ = {
			isa = XCConfigurationList;
			buildConfigurations = (
				C5EE0A2B1A71506700FAF23F /* Debug */,
				C5EE0A2C1A71506700FAF23F /* Release */,
			);
			defaultConfigurationIsVisible = 0;
			defaultConfigurationName = Release;
		};
		C5EE0A2D1A71506700FAF23F /* Build configuration list for PBXNativeTarget "assignment" */ = {
			isa = XCConfigurationList;
			buildConfigurations = (
				C5EE0A2E1A71506700FAF23F /* Debug */,
				C5EE0A2F1A71506700FAF23F /* Release */,
			);
			defaultConfigurationIsVisible = 0;
			defaultConfigurationName = Release;
		};
/* End XCConfigurationList section */
	};
	rootObject = C5EE0A1E1A71506700FAF23F /* Project object */;
}
